
Microsoft Visual Studio Solution File, Format Version 12.00
# Visual Studio Version 16
VisualStudioVersion = 16.0.31911.196
MinimumVisualStudioVersion = 10.0.40219.1
Project("{8BC9CEB8-8B4A-11D0-8D11-00A0C91BC942}") = "Check Vowel or consonant", "Check Vowel or consonant.vcxproj", "{6AD856DF-D8D4-4385-9D10-1A746DD68CE9}"
EndProject
Global
	GlobalSection(SolutionConfigurationPlatforms) = preSolution
		Debug|x64 = Debug|x64
		Debug|x86 = Debug|x86
		Release|x64 = Release|x64
		Release|x86 = Release|x86
	EndGlobalSection
	GlobalSection(ProjectConfigurationPlatforms) = postSolution
		{6AD856DF-D8D4-4385-9D10-1A746DD68CE9}.Debug|x64.ActiveCfg = Debug|x64
		{6AD856DF-D8D4-4385-9D10-1A746DD68CE9}.Debug|x64.Build.0 = Debug|x64
		{6AD856DF-D8D4-4385-9D10-1A746DD68CE9}.Debug|x86.ActiveCfg = Debug|Win32
		{6AD856DF-D8D4-4385-9D10-1A746DD68CE9}.Debug|x86.Build.0 = Debug|Win32
		{6AD856DF-D8D4-4385-9D10-1A746DD68CE9}.Release|x64.ActiveCfg = Release|x64
		{6AD856DF-D8D4-4385-9D10-1A746DD68CE9}.Release|x64.Build.0 = Release|x64
		{6AD856DF-D8D4-4385-9D10-1A746DD68CE9}.Release|x86.ActiveCfg = Release|Win32
		{6AD856DF-D8D4-4385-9D10-1A746DD68CE9}.Release|x86.Build.0 = Release|Win32
	EndGlobalSection
	GlobalSection(SolutionProperties) = preSolution
		HideSolutionNode = FALSE
	EndGlobalSection
	GlobalSection(ExtensibilityGlobals) = postSolution
		SolutionGuid = {57403C02-FA9B-4E43-B234-66DAB4AD0679}
	EndGlobalSection
EndGlobal
